<?xml version="1.0" encoding="utf-8"?>
<Project ToolsVersion="4.0" xmlns="http://schemas.microsoft.com/developer/msbuild/2003">
  <ItemGroup>
    <Filter Include="Source Files">
      <UniqueIdentifier>{4FC737F1-C7A5-4376-A066-2A32D752A2FF}</UniqueIdentifier>
      <Extensions>cpp;c;cc;cxx;def;odl;idl;hpj;bat;asm;asmx</Extensions>
    </Filter>
    <Filter Include="Header Files">
      <UniqueIdentifier>{93995380-89BD-4b04-88EB-625FBE52EBFB}</UniqueIdentifier>
      <Extensions>h;hh;hpp;hxx;hm;inl;inc;xsd</Extensions>
    </Filter>
    <Filter Include="Resource Files">
      <UniqueIdentifier>{67DA6AB6-F800-4c08-8B7A-83BB121AAD01}</UniqueIdentifier>
      <Extensions>rc;ico;cur;bmp;dlg;rc2;rct;bin;rgs;gif;jpg;jpeg;jpe;resx;tiff;tif;png;wav;mfcribbon-ms</Extensions>
    </Filter>
    <Filter Include="Source Files\System">
      <UniqueIdentifier>{1f893f54-66d2-4343-9683-44a3050f4d49}</UniqueIdentifier>
    </Filter>
    <Filter Include="Source Files\Shaders">
      <UniqueIdentifier>{42785e51-a66d-4fb5-9197-0b787a01d998}</UniqueIdentifier>
    </Filter>
    <Filter Include="Source Files\Geometry">
      <UniqueIdentifier>{99e7f5f5-e9b9-441a-a3f8-5a091e53677f}</UniqueIdentifier>
    </Filter>
    <Filter Include="Source Files\Shaders\shaders">
      <UniqueIdentifier>{a6380955-4777-4cb6-9433-492d43ffce67}</UniqueIdentifier>
    </Filter>
    <Filter Include="Source Files\Applications">
      <UniqueIdentifier>{e2052eed-0665-4425-a274-e1d27c576dfe}</UniqueIdentifier>
    </Filter>
  </ItemGroup>
  <ItemGroup>
    <ClCompile Include="Camera.cpp">
      <Filter>Source Files\System</Filter>
    </ClCompile>
    <ClCompile Include="D3D.cpp">
      <Filter>Source Files\System</Filter>
    </ClCompile>
    <ClCompile Include="Input.cpp">
      <Filter>Source Files\System</Filter>
    </ClCompile>
    <ClCompile Include="Main.cpp">
      <Filter>Source Files\System</Filter>
    </ClCompile>
    <ClCompile Include="System.cpp">
      <Filter>Source Files\System</Filter>
    </ClCompile>
    <ClCompile Include="Timer.cpp">
      <Filter>Source Files\System</Filter>
    </ClCompile>
    <ClCompile Include="Texture.cpp">
      <Filter>Source Files\Geometry</Filter>
    </ClCompile>
    <ClCompile Include="BaseShader.cpp">
      <Filter>Source Files\Shaders</Filter>
    </ClCompile>
    <ClCompile Include="BaseMesh.cpp">
      <Filter>Source Files\Geometry</Filter>
    </ClCompile>
    <ClCompile Include="TriangleMesh.cpp">
      <Filter>Source Files\Geometry</Filter>
    </ClCompile>
    <ClCompile Include="BaseApplication.cpp">
      <Filter>Source Files\System</Filter>
    </ClCompile>
    <ClCompile Include="Lab1.cpp">
      <Filter>Source Files\Applications</Filter>
    </ClCompile>
    <ClCompile Include="ColourShader.cpp">
      <Filter>Source Files\Shaders</Filter>
    </ClCompile>
    <ClCompile Include="RenderTexture.cpp">
      <Filter>Source Files\System</Filter>
    </ClCompile>
    <ClCompile Include="OrthoMesh.cpp">
      <Filter>Source Files\Geometry</Filter>
    </ClCompile>
    <ClCompile Include="SphereMesh.cpp">
      <Filter>Source Files\Geometry</Filter>
    </ClCompile>
    <ClCompile Include="Light.cpp">
      <Filter>Source Files\System</Filter>
    </ClCompile>
    <ClCompile Include="PlaneMesh.cpp">
      <Filter>Source Files\Geometry</Filter>
    </ClCompile>
    <ClCompile Include="Model.cpp">
      <Filter>Source Files\Geometry</Filter>
    </ClCompile>
    <ClCompile Include="CubeMesh.cpp">
      <Filter>Source Files\Geometry</Filter>
    </ClCompile>
    <ClCompile Include="TessellationMesh.cpp">
      <Filter>Source Files\Geometry</Filter>
    </ClCompile>
    <ClCompile Include="TokenStream.cpp">
      <Filter>Source Files\System</Filter>
    </ClCompile>
    <ClCompile Include="PointMesh.cpp">
      <Filter>Source Files\Geometry</Filter>
    </ClCompile>
    <ClCompile Include="QuadMesh.cpp">
      <Filter>Source Files\Geometry</Filter>
    </ClCompile>
    <ClCompile Include="Lab2.cpp">
      <Filter>Source Files\Applications</Filter>
    </ClCompile>
    <ClCompile Include="TextureShader.cpp">
      <Filter>Source Files\Shaders</Filter>
    </ClCompile>
    <ClCompile Include="Lab3.cpp">
      <Filter>Source Files\Applications</Filter>
    </ClCompile>
    <ClCompile Include="DirectionalLightShader.cpp">
      <Filter>Source Files\Shaders</Filter>
    </ClCompile>
    <ClCompile Include="Lab4.cpp">
      <Filter>Source Files\Applications</Filter>
    </ClCompile>
    <ClCompile Include="PointLightShader.cpp">
      <Filter>Source Files\Shaders</Filter>
    </ClCompile>
    <ClCompile Include="Lab5.cpp">
      <Filter>Source Files\Applications</Filter>
    </ClCompile>
    <ClCompile Include="JellyShader.cpp">
      <Filter>Source Files\Shaders</Filter>
    </ClCompile>
    <ClCompile Include="Lab6.cpp">
      <Filter>Source Files\Applications</Filter>
    </ClCompile>
    <ClCompile Include="Lab8.cpp">
      <Filter>Source Files\Applications</Filter>
    </ClCompile>
    <ClCompile Include="BoxBlurShader.cpp">
      <Filter>Source Files\Shaders</Filter>
    </ClCompile>
    <ClCompile Include="VerticalBlurShader.cpp">
      <Filter>Source Files\Shaders</Filter>
    </ClCompile>
    <ClCompile Include="HorizontalBlurShader.cpp">
      <Filter>Source Files\Shaders</Filter>
    </ClCompile>
    <ClCompile Include="Lab9.cpp">
      <Filter>Source Files\Applications</Filter>
    </ClCompile>
    <ClCompile Include="DepthShader.cpp">
      <Filter>Source Files\Shaders</Filter>
    </ClCompile>
    <ClCompile Include="ShadowShader.cpp">
      <Filter>Source Files\Shaders</Filter>
    </ClCompile>
    <ClCompile Include="Lab10.cpp">
      <Filter>Source Files\Applications</Filter>
    </ClCompile>
    <ClCompile Include="Lab11.cpp">
      <Filter>Source Files\Applications</Filter>
    </ClCompile>
    <ClCompile Include="GeometryShader.cpp">
      <Filter>Source Files\Shaders</Filter>
    </ClCompile>
    <ClCompile Include="PointLightNormalShader.cpp">
      <Filter>Source Files\Shaders</Filter>
    </ClCompile>
    <ClCompile Include="TessDepthShader.cpp">
      <Filter>Source Files\Shaders</Filter>
    </ClCompile>
    <ClCompile Include="TessColourShader.cpp">
      <Filter>Source Files\Shaders</Filter>
    </ClCompile>
    <ClCompile Include="BlendShader.cpp">
      <Filter>Source Files\Shaders</Filter>
    </ClCompile>
  </ItemGroup>
  <ItemGroup>
    <ClInclude Include="Camera.h">
      <Filter>Source Files\System</Filter>
    </ClInclude>
    <ClInclude Include="D3D.h">
      <Filter>Source Files\System</Filter>
    </ClInclude>
    <ClInclude Include="Input.h">
      <Filter>Source Files\System</Filter>
    </ClInclude>
    <ClInclude Include="System.h">
      <Filter>Source Files\System</Filter>
    </ClInclude>
    <ClInclude Include="Timer.h">
      <Filter>Source Files\System</Filter>
    </ClInclude>
    <ClInclude Include="Texture.h">
      <Filter>Source Files\Geometry</Filter>
    </ClInclude>
    <ClInclude Include="BaseShader.h">
      <Filter>Source Files\Shaders</Filter>
    </ClInclude>
    <ClInclude Include="BaseMesh.h">
      <Filter>Source Files\Geometry</Filter>
    </ClInclude>
    <ClInclude Include="TriangleMesh.h">
      <Filter>Source Files\Geometry</Filter>
    </ClInclude>
    <ClInclude Include="BaseApplication.h">
      <Filter>Source Files\System</Filter>
    </ClInclude>
    <ClInclude Include="Lab1.h">
      <Filter>Source Files\Applications</Filter>
    </ClInclude>
    <ClInclude Include="ColourShader.h">
      <Filter>Source Files\Shaders</Filter>
    </ClInclude>
    <ClInclude Include="RenderTexture.h">
      <Filter>Source Files\System</Filter>
    </ClInclude>
    <ClInclude Include="OrthoMesh.h">
      <Filter>Source Files\Geometry</Filter>
    </ClInclude>
    <ClInclude Include="SphereMesh.h">
      <Filter>Source Files\Geometry</Filter>
    </ClInclude>
    <ClInclude Include="Light.h">
      <Filter>Source Files\System</Filter>
    </ClInclude>
    <ClInclude Include="PlaneMesh.h">
      <Filter>Source Files\Geometry</Filter>
    </ClInclude>
    <ClInclude Include="Model.h">
      <Filter>Source Files\Geometry</Filter>
    </ClInclude>
    <ClInclude Include="CubeMesh.h">
      <Filter>Source Files\Geometry</Filter>
    </ClInclude>
    <ClInclude Include="TessellationMesh.h">
      <Filter>Source Files\Geometry</Filter>
    </ClInclude>
    <ClInclude Include="TokenStream.h">
      <Filter>Source Files\System</Filter>
    </ClInclude>
    <ClInclude Include="PointMesh.h">
      <Filter>Source Files\Geometry</Filter>
    </ClInclude>
    <ClInclude Include="QuadMesh.h">
      <Filter>Source Files\Geometry</Filter>
    </ClInclude>
    <ClInclude Include="Lab2.h">
      <Filter>Source Files\Applications</Filter>
    </ClInclude>
    <ClInclude Include="TextureShader.h">
      <Filter>Source Files\Shaders</Filter>
    </ClInclude>
    <ClInclude Include="Lab3.h">
      <Filter>Source Files\Applications</Filter>
    </ClInclude>
    <ClInclude Include="DirectionalLightShader.h">
      <Filter>Source Files\Shaders</Filter>
    </ClInclude>
    <ClInclude Include="Lab4.h">
      <Filter>Source Files\Applications</Filter>
    </ClInclude>
    <ClInclude Include="PointLightShader.h">
      <Filter>Source Files\Shaders</Filter>
    </ClInclude>
    <ClInclude Include="Lab5.h">
      <Filter>Source Files\Applications</Filter>
    </ClInclude>
    <ClInclude Include="JellyShader.h">
      <Filter>Source Files\Shaders</Filter>
    </ClInclude>
    <ClInclude Include="Lab6.h">
      <Filter>Source Files\Applications</Filter>
    </ClInclude>
    <ClInclude Include="Lab8.h">
      <Filter>Source Files\Applications</Filter>
    </ClInclude>
    <ClInclude Include="BoxBlurShader.h">
      <Filter>Source Files\Shaders</Filter>
    </ClInclude>
    <ClInclude Include="VerticalBlurShader.h">
      <Filter>Source Files\Shaders</Filter>
    </ClInclude>
    <ClInclude Include="HorizontalBlurShader.h">
      <Filter>Source Files\Shaders</Filter>
    </ClInclude>
    <ClInclude Include="Lab9.h">
      <Filter>Source Files\Applications</Filter>
    </ClInclude>
    <ClInclude Include="DepthShader.h">
      <Filter>Source Files\Shaders</Filter>
    </ClInclude>
    <ClInclude Include="ShadowShader.h">
      <Filter>Source Files\Shaders</Filter>
    </ClInclude>
    <ClInclude Include="Lab10.h">
      <Filter>Source Files\Applications</Filter>
    </ClInclude>
    <ClInclude Include="Lab11.h">
      <Filter>Source Files\Applications</Filter>
    </ClInclude>
    <ClInclude Include="GeometryShader.h">
      <Filter>Source Files\Shaders</Filter>
    </ClInclude>
    <ClInclude Include="PointLightNormalShader.h">
      <Filter>Source Files\Shaders</Filter>
    </ClInclude>
    <ClInclude Include="TessDepthShader.h">
      <Filter>Source Files\Shaders</Filter>
    </ClInclude>
    <ClInclude Include="TessColourShader.h">
      <Filter>Source Files\Shaders</Filter>
    </ClInclude>
    <ClInclude Include="BlendShader.h">
      <Filter>Source Files\Shaders</Filter>
    </ClInclude>
  </ItemGroup>
  <ItemGroup>
    <None Include="packages.config" />
  </ItemGroup>
  <ItemGroup>
    <FxCompile Include="..\shaders\colour_ps.hlsl">
      <Filter>Source Files\Shaders\shaders</Filter>
    </FxCompile>
    <FxCompile Include="..\shaders\colour_vs.hlsl">
      <Filter>Source Files\Shaders\shaders</Filter>
    </FxCompile>
    <FxCompile Include="..\shaders\texture_ps.hlsl">
      <Filter>Source Files\Shaders\shaders</Filter>
    </FxCompile>
    <FxCompile Include="..\shaders\texture_vs.hlsl">
      <Filter>Source Files\Shaders\shaders</Filter>
    </FxCompile>
    <FxCompile Include="..\shaders\directional_light_vs.hlsl">
      <Filter>Source Files\Shaders\shaders</Filter>
    </FxCompile>
    <FxCompile Include="..\shaders\directional_light_ps.hlsl">
      <Filter>Source Files\Shaders\shaders</Filter>
    </FxCompile>
    <FxCompile Include="..\shaders\point_light_ps.hlsl">
      <Filter>Source Files\Shaders\shaders</Filter>
    </FxCompile>
    <FxCompile Include="..\shaders\point_light_vs.hlsl">
      <Filter>Source Files\Shaders\shaders</Filter>
    </FxCompile>
    <FxCompile Include="..\shaders\jelly_vs.hlsl">
      <Filter>Source Files\Shaders\shaders</Filter>
    </FxCompile>
    <FxCompile Include="..\shaders\jelly_ps.hlsl">
      <Filter>Source Files\Shaders\shaders</Filter>
    </FxCompile>
    <FxCompile Include="..\shaders\boxBlur_vs.hlsl">
      <Filter>Source Files\Shaders\shaders</Filter>
    </FxCompile>
    <FxCompile Include="..\shaders\boxBlur_ps.hlsl">
      <Filter>Source Files\Shaders\shaders</Filter>
    </FxCompile>
    <FxCompile Include="..\shaders\horizontalBlur_ps.hlsl">
      <Filter>Source Files\Shaders\shaders</Filter>
    </FxCompile>
    <FxCompile Include="..\shaders\horizontalBlur_vs.hlsl">
      <Filter>Source Files\Shaders\shaders</Filter>
    </FxCompile>
    <FxCompile Include="..\shaders\verticalBlur_ps.hlsl">
      <Filter>Source Files\Shaders\shaders</Filter>
    </FxCompile>
    <FxCompile Include="..\shaders\verticalBlur_vs.hlsl">
      <Filter>Source Files\Shaders\shaders</Filter>
    </FxCompile>
    <FxCompile Include="..\shaders\tessellation_hs.hlsl">
      <Filter>Source Files\Shaders\shaders</Filter>
    </FxCompile>
    <FxCompile Include="..\shaders\tessellation_vs.hlsl">
      <Filter>Source Files\Shaders\shaders</Filter>
    </FxCompile>
    <FxCompile Include="..\shaders\shadow_ps.hlsl">
      <Filter>Source Files\Shaders\shaders</Filter>
    </FxCompile>
    <FxCompile Include="..\shaders\shadow_vs.hlsl">
      <Filter>Source Files\Shaders\shaders</Filter>
    </FxCompile>
    <FxCompile Include="..\shaders\depth_ps.hlsl">
      <Filter>Source Files\Shaders\shaders</Filter>
    </FxCompile>
    <FxCompile Include="..\shaders\depth_vs.hlsl">
      <Filter>Source Files\Shaders\shaders</Filter>
    </FxCompile>
    <FxCompile Include="..\shaders\triangle_gs.hlsl">
      <Filter>Source Files\Shaders\shaders</Filter>
    </FxCompile>
    <FxCompile Include="..\shaders\triangle_ps.hlsl">
      <Filter>Source Files\Shaders\shaders</Filter>
    </FxCompile>
    <FxCompile Include="..\shaders\triangle_vs.hlsl">
      <Filter>Source Files\Shaders\shaders</Filter>
    </FxCompile>
    <FxCompile Include="..\shaders\point_light_normal_ps.hlsl">
      <Filter>Source Files\Shaders\shaders</Filter>
    </FxCompile>
    <FxCompile Include="..\shaders\point_light_normal_vs.hlsl">
      <Filter>Source Files\Shaders\shaders</Filter>
    </FxCompile>
    <FxCompile Include="..\shaders\tessdepth_ps.hlsl">
      <Filter>Source Files\Shaders\shaders</Filter>
    </FxCompile>
    <FxCompile Include="..\shaders\tessdepth_ds.hlsl">
      <Filter>Source Files\Shaders\shaders</Filter>
    </FxCompile>
    <FxCompile Include="..\shaders\tesscolour_ps.hlsl">
      <Filter>Source Files\Shaders\shaders</Filter>
    </FxCompile>
    <FxCompile Include="..\shaders\tesscolour_ds.hlsl">
      <Filter>Source Files\Shaders\shaders</Filter>
    </FxCompile>
    <FxCompile Include="..\shaders\blend_ps.hlsl">
      <Filter>Source Files\Shaders\shaders</Filter>
    </FxCompile>
  </ItemGroup>
</Project>